// !$*UTF8*$!
{
	archiveVersion = 1;
	classes = {
	};
	objectVersion = 46;
	objects = {

/* Begin PBXBuildFile section */
		2CA062161ACCAC0600ACE25C /* ProfileController.m in Sources */ = {isa = PBXBuildFile; fileRef = 2CA062151ACCAC0600ACE25C /* ProfileController.m */; };
		9F00343D1AA03A8100766B33 /* TableViewController.m in Sources */ = {isa = PBXBuildFile; fileRef = 9F00343C1AA03A8100766B33 /* TableViewController.m */; };
		9F0034401AA03C2500766B33 /* ImageCache.m in Sources */ = {isa = PBXBuildFile; fileRef = 9F00343F1AA03C2500766B33 /* ImageCache.m */; };
		9F2A017B1AA3E289001B44F0 /* ParseUI.framework in Frameworks */ = {isa = PBXBuildFile; fileRef = 9F2A017A1AA3E289001B44F0 /* ParseUI.framework */; };
		9F2A017F1AA3E3FD001B44F0 /* Social.framework in Frameworks */ = {isa = PBXBuildFile; fileRef = 9F2A017E1AA3E3FD001B44F0 /* Social.framework */; };
		9F2A01811AA3E403001B44F0 /* Accounts.framework in Frameworks */ = {isa = PBXBuildFile; fileRef = 9F2A01801AA3E403001B44F0 /* Accounts.framework */; };
		9F48810B1AB330C20087D74E /* Parse.framework in Frameworks */ = {isa = PBXBuildFile; fileRef = 9F48810A1AB330C20087D74E /* Parse.framework */; };
		9F758E8E1AA41B7800B0967B /* WatchedList.m in Sources */ = {isa = PBXBuildFile; fileRef = 9F758E8D1AA41B7800B0967B /* WatchedList.m */; };
		9F85CF7E1AA0CC45008506E5 /* BookInfoViewController.m in Sources */ = {isa = PBXBuildFile; fileRef = 9F85CF7D1AA0CC45008506E5 /* BookInfoViewController.m */; };
		9F94A96F1ACC9F1200ECD295 /* theater-sign-template.jpg in Resources */ = {isa = PBXBuildFile; fileRef = 9F94A96E1ACC9F1200ECD295 /* theater-sign-template.jpg */; };
		9FB5E0E41A9FF956002E0FC3 /* Movie.m in Sources */ = {isa = PBXBuildFile; fileRef = 9FB5E0E31A9FF956002E0FC3 /* Movie.m */; };
		9FCEEE3F1ACB3DC7006D88F8 /* film_roll.png in Resources */ = {isa = PBXBuildFile; fileRef = 9FCEEE3E1ACB3DC7006D88F8 /* film_roll.png */; };
		9FCEEE411ACB3F2C006D88F8 /* curtain-ideas-pinterest.jpg in Resources */ = {isa = PBXBuildFile; fileRef = 9FCEEE401ACB3F2C006D88F8 /* curtain-ideas-pinterest.jpg */; };
		9FCEEE431ACB4171006D88F8 /* film-reel.jpg in Resources */ = {isa = PBXBuildFile; fileRef = 9FCEEE421ACB4171006D88F8 /* film-reel.jpg */; };
		9FCEEE451ACB42DA006D88F8 /* o-MOVIE-THEATER-SEATS-facebook.jpg in Resources */ = {isa = PBXBuildFile; fileRef = 9FCEEE441ACB42DA006D88F8 /* o-MOVIE-THEATER-SEATS-facebook.jpg */; };
		9FCEEE4D1ACB4B3E006D88F8 /* Film-Strip.jpg in Resources */ = {isa = PBXBuildFile; fileRef = 9FCEEE4C1ACB4B3E006D88F8 /* Film-Strip.jpg */; };
		9FEB84361A9FBD2B002D40E7 /* MovieManager.m in Sources */ = {isa = PBXBuildFile; fileRef = 9FEB84351A9FBD2B002D40E7 /* MovieManager.m */; };
		9FEEE4D51ACB89720027BB74 /* 12198090531909861341man silhouette.svg.hi.png in Resources */ = {isa = PBXBuildFile; fileRef = 9FEEE4D41ACB89720027BB74 /* 12198090531909861341man silhouette.svg.hi.png */; };
		9FF2B6691A9EC3E900E480A5 /* main.m in Sources */ = {isa = PBXBuildFile; fileRef = 9FF2B6681A9EC3E900E480A5 /* main.m */; };
		9FF2B66C1A9EC3E900E480A5 /* AppDelegate.m in Sources */ = {isa = PBXBuildFile; fileRef = 9FF2B66B1A9EC3E900E480A5 /* AppDelegate.m */; };
		9FF2B66F1A9EC3E900E480A5 /* ViewController.m in Sources */ = {isa = PBXBuildFile; fileRef = 9FF2B66E1A9EC3E900E480A5 /* ViewController.m */; };
		9FF2B6721A9EC3E900E480A5 /* Main.storyboard in Resources */ = {isa = PBXBuildFile; fileRef = 9FF2B6701A9EC3E900E480A5 /* Main.storyboard */; };
		9FF2B6741A9EC3E900E480A5 /* Images.xcassets in Resources */ = {isa = PBXBuildFile; fileRef = 9FF2B6731A9EC3E900E480A5 /* Images.xcassets */; };
		9FF2B6771A9EC3E900E480A5 /* LaunchScreen.xib in Resources */ = {isa = PBXBuildFile; fileRef = 9FF2B6751A9EC3E900E480A5 /* LaunchScreen.xib */; };
		9FF2B6831A9EC3E900E480A5 /* Assignment4CSE394Tests.m in Sources */ = {isa = PBXBuildFile; fileRef = 9FF2B6821A9EC3E900E480A5 /* Assignment4CSE394Tests.m */; };
		9FF2B68E1A9EC43B00E480A5 /* Bolts.framework in Frameworks */ = {isa = PBXBuildFile; fileRef = 9FF2B68C1A9EC43B00E480A5 /* Bolts.framework */; };
		9FF2B6911A9EC46800E480A5 /* AudioToolbox.framework in Frameworks */ = {isa = PBXBuildFile; fileRef = 9FF2B6901A9EC46800E480A5 /* AudioToolbox.framework */; };
		9FF2B6931A9EC47000E480A5 /* CFNetwork.framework in Frameworks */ = {isa = PBXBuildFile; fileRef = 9FF2B6921A9EC47000E480A5 /* CFNetwork.framework */; };
		9FF2B6951A9EC47800E480A5 /* CoreGraphics.framework in Frameworks */ = {isa = PBXBuildFile; fileRef = 9FF2B6941A9EC47800E480A5 /* CoreGraphics.framework */; };
		9FF2B6971A9EC48000E480A5 /* MobileCoreServices.framework in Frameworks */ = {isa = PBXBuildFile; fileRef = 9FF2B6961A9EC48000E480A5 /* MobileCoreServices.framework */; };
		9FF2B6991A9EC48700E480A5 /* QuartzCore.framework in Frameworks */ = {isa = PBXBuildFile; fileRef = 9FF2B6981A9EC48700E480A5 /* QuartzCore.framework */; };
		9FF2B69B1A9EC48B00E480A5 /* Security.framework in Frameworks */ = {isa = PBXBuildFile; fileRef = 9FF2B69A1A9EC48B00E480A5 /* Security.framework */; };
		9FF2B69D1A9EC49000E480A5 /* StoreKit.framework in Frameworks */ = {isa = PBXBuildFile; fileRef = 9FF2B69C1A9EC49000E480A5 /* StoreKit.framework */; };
		9FF2B69F1A9EC49900E480A5 /* SystemConfiguration.framework in Frameworks */ = {isa = PBXBuildFile; fileRef = 9FF2B69E1A9EC49900E480A5 /* SystemConfiguration.framework */; };
		9FF2B6A11A9EC4A200E480A5 /* libz.dylib in Frameworks */ = {isa = PBXBuildFile; fileRef = 9FF2B6A01A9EC4A200E480A5 /* libz.dylib */; };
		9FF2B6A31A9EC4AC00E480A5 /* libsqlite3.dylib in Frameworks */ = {isa = PBXBuildFile; fileRef = 9FF2B6A21A9EC4AC00E480A5 /* libsqlite3.dylib */; };
/* End PBXBuildFile section */

/* Begin PBXContainerItemProxy section */
		9FF2B67D1A9EC3E900E480A5 /* PBXContainerItemProxy */ = {
			isa = PBXContainerItemProxy;
			containerPortal = 9FF2B65B1A9EC3E900E480A5 /* Project object */;
			proxyType = 1;
			remoteGlobalIDString = 9FF2B6621A9EC3E900E480A5;
			remoteInfo = Assignment4CSE394;
		};
/* End PBXContainerItemProxy section */

/* Begin PBXFileReference section */
		2CA062141ACCAC0600ACE25C /* ProfileController.h */ = {isa = PBXFileReference; fileEncoding = 4; lastKnownFileType = sourcecode.c.h; path = ProfileController.h; sourceTree = "<group>"; };
		2CA062151ACCAC0600ACE25C /* ProfileController.m */ = {isa = PBXFileReference; fileEncoding = 4; lastKnownFileType = sourcecode.c.objc; path = ProfileController.m; sourceTree = "<group>"; };
		9F00343B1AA03A8100766B33 /* TableViewController.h */ = {isa = PBXFileReference; fileEncoding = 4; lastKnownFileType = sourcecode.c.h; path = TableViewController.h; sourceTree = "<group>"; };
		9F00343C1AA03A8100766B33 /* TableViewController.m */ = {isa = PBXFileReference; fileEncoding = 4; lastKnownFileType = sourcecode.c.objc; path = TableViewController.m; sourceTree = "<group>"; };
		9F00343E1AA03C2500766B33 /* ImageCache.h */ = {isa = PBXFileReference; fileEncoding = 4; lastKnownFileType = sourcecode.c.h; path = ImageCache.h; sourceTree = "<group>"; };
		9F00343F1AA03C2500766B33 /* ImageCache.m */ = {isa = PBXFileReference; fileEncoding = 4; lastKnownFileType = sourcecode.c.objc; path = ImageCache.m; sourceTree = "<group>"; };
		9F2A017A1AA3E289001B44F0 /* ParseUI.framework */ = {isa = PBXFileReference; lastKnownFileType = wrapper.framework; path = ParseUI.framework; sourceTree = "<group>"; };
		9F2A017E1AA3E3FD001B44F0 /* Social.framework */ = {isa = PBXFileReference; lastKnownFileType = wrapper.framework; name = Social.framework; path = System/Library/Frameworks/Social.framework; sourceTree = SDKROOT; };
		9F2A01801AA3E403001B44F0 /* Accounts.framework */ = {isa = PBXFileReference; lastKnownFileType = wrapper.framework; name = Accounts.framework; path = System/Library/Frameworks/Accounts.framework; sourceTree = SDKROOT; };
		9F48810A1AB330C20087D74E /* Parse.framework */ = {isa = PBXFileReference; lastKnownFileType = wrapper.framework; path = Parse.framework; sourceTree = "<group>"; };
		9F758E8C1AA41B7800B0967B /* WatchedList.h */ = {isa = PBXFileReference; fileEncoding = 4; lastKnownFileType = sourcecode.c.h; path = WatchedList.h; sourceTree = "<group>"; };
		9F758E8D1AA41B7800B0967B /* WatchedList.m */ = {isa = PBXFileReference; fileEncoding = 4; lastKnownFileType = sourcecode.c.objc; path = WatchedList.m; sourceTree = "<group>"; };
		9F85CF7C1AA0CC45008506E5 /* BookInfoViewController.h */ = {isa = PBXFileReference; fileEncoding = 4; lastKnownFileType = sourcecode.c.h; path = BookInfoViewController.h; sourceTree = "<group>"; };
		9F85CF7D1AA0CC45008506E5 /* BookInfoViewController.m */ = {isa = PBXFileReference; fileEncoding = 4; lastKnownFileType = sourcecode.c.objc; path = BookInfoViewController.m; sourceTree = "<group>"; };
		9F94A96E1ACC9F1200ECD295 /* theater-sign-template.jpg */ = {isa = PBXFileReference; lastKnownFileType = image.jpeg; path = "theater-sign-template.jpg"; sourceTree = "<group>"; };
		9FB5E0E21A9FF956002E0FC3 /* Movie.h */ = {isa = PBXFileReference; fileEncoding = 4; lastKnownFileType = sourcecode.c.h; path = Movie.h; sourceTree = "<group>"; };
		9FB5E0E31A9FF956002E0FC3 /* Movie.m */ = {isa = PBXFileReference; fileEncoding = 4; lastKnownFileType = sourcecode.c.objc; path = Movie.m; sourceTree = "<group>"; };
		9FCEEE3E1ACB3DC7006D88F8 /* film_roll.png */ = {isa = PBXFileReference; lastKnownFileType = image.png; path = film_roll.png; sourceTree = "<group>"; };
		9FCEEE401ACB3F2C006D88F8 /* curtain-ideas-pinterest.jpg */ = {isa = PBXFileReference; lastKnownFileType = image.jpeg; path = "curtain-ideas-pinterest.jpg"; sourceTree = "<group>"; };
		9FCEEE421ACB4171006D88F8 /* film-reel.jpg */ = {isa = PBXFileReference; lastKnownFileType = image.jpeg; path = "film-reel.jpg"; sourceTree = "<group>"; };
		9FCEEE441ACB42DA006D88F8 /* o-MOVIE-THEATER-SEATS-facebook.jpg */ = {isa = PBXFileReference; lastKnownFileType = image.jpeg; path = "o-MOVIE-THEATER-SEATS-facebook.jpg"; sourceTree = "<group>"; };
		9FCEEE4C1ACB4B3E006D88F8 /* Film-Strip.jpg */ = {isa = PBXFileReference; lastKnownFileType = image.jpeg; path = "Film-Strip.jpg"; sourceTree = "<group>"; };
		9FEB84341A9FBD2B002D40E7 /* MovieManager.h */ = {isa = PBXFileReference; fileEncoding = 4; lastKnownFileType = sourcecode.c.h; path = MovieManager.h; sourceTree = "<group>"; };
		9FEB84351A9FBD2B002D40E7 /* MovieManager.m */ = {isa = PBXFileReference; fileEncoding = 4; lastKnownFileType = sourcecode.c.objc; path = MovieManager.m; sourceTree = "<group>"; };
		9FEEE4D41ACB89720027BB74 /* 12198090531909861341man silhouette.svg.hi.png */ = {isa = PBXFileReference; lastKnownFileType = image.png; path = "12198090531909861341man silhouette.svg.hi.png"; sourceTree = "<group>"; };
		9FF2B6631A9EC3E900E480A5 /* Assignment4CSE394.app */ = {isa = PBXFileReference; explicitFileType = wrapper.application; includeInIndex = 0; path = Assignment4CSE394.app; sourceTree = BUILT_PRODUCTS_DIR; };
		9FF2B6671A9EC3E900E480A5 /* Info.plist */ = {isa = PBXFileReference; lastKnownFileType = text.plist.xml; path = Info.plist; sourceTree = "<group>"; };
		9FF2B6681A9EC3E900E480A5 /* main.m */ = {isa = PBXFileReference; lastKnownFileType = sourcecode.c.objc; path = main.m; sourceTree = "<group>"; };
		9FF2B66A1A9EC3E900E480A5 /* AppDelegate.h */ = {isa = PBXFileReference; lastKnownFileType = sourcecode.c.h; path = AppDelegate.h; sourceTree = "<group>"; };
		9FF2B66B1A9EC3E900E480A5 /* AppDelegate.m */ = {isa = PBXFileReference; lastKnownFileType = sourcecode.c.objc; path = AppDelegate.m; sourceTree = "<group>"; };
		9FF2B66D1A9EC3E900E480A5 /* ViewController.h */ = {isa = PBXFileReference; lastKnownFileType = sourcecode.c.h; path = ViewController.h; sourceTree = "<group>"; };
		9FF2B66E1A9EC3E900E480A5 /* ViewController.m */ = {isa = PBXFileReference; lastKnownFileType = sourcecode.c.objc; path = ViewController.m; sourceTree = "<group>"; };
		9FF2B6711A9EC3E900E480A5 /* Base */ = {isa = PBXFileReference; lastKnownFileType = file.storyboard; name = Base; path = Base.lproj/Main.storyboard; sourceTree = "<group>"; };
		9FF2B6731A9EC3E900E480A5 /* Images.xcassets */ = {isa = PBXFileReference; lastKnownFileType = folder.assetcatalog; path = Images.xcassets; sourceTree = "<group>"; };
		9FF2B6761A9EC3E900E480A5 /* Base */ = {isa = PBXFileReference; lastKnownFileType = file.xib; name = Base; path = Base.lproj/LaunchScreen.xib; sourceTree = "<group>"; };
		9FF2B67C1A9EC3E900E480A5 /* Assignment4CSE394Tests.xctest */ = {isa = PBXFileReference; explicitFileType = wrapper.cfbundle; includeInIndex = 0; path = Assignment4CSE394Tests.xctest; sourceTree = BUILT_PRODUCTS_DIR; };
		9FF2B6811A9EC3E900E480A5 /* Info.plist */ = {isa = PBXFileReference; lastKnownFileType = text.plist.xml; path = Info.plist; sourceTree = "<group>"; };
		9FF2B6821A9EC3E900E480A5 /* Assignment4CSE394Tests.m */ = {isa = PBXFileReference; lastKnownFileType = sourcecode.c.objc; path = Assignment4CSE394Tests.m; sourceTree = "<group>"; };
		9FF2B68C1A9EC43B00E480A5 /* Bolts.framework */ = {isa = PBXFileReference; lastKnownFileType = wrapper.framework; name = Bolts.framework; path = Assignment4CSE394/Bolts.framework; sourceTree = "<group>"; };
		9FF2B6901A9EC46800E480A5 /* AudioToolbox.framework */ = {isa = PBXFileReference; lastKnownFileType = wrapper.framework; name = AudioToolbox.framework; path = System/Library/Frameworks/AudioToolbox.framework; sourceTree = SDKROOT; };
		9FF2B6921A9EC47000E480A5 /* CFNetwork.framework */ = {isa = PBXFileReference; lastKnownFileType = wrapper.framework; name = CFNetwork.framework; path = System/Library/Frameworks/CFNetwork.framework; sourceTree = SDKROOT; };
		9FF2B6941A9EC47800E480A5 /* CoreGraphics.framework */ = {isa = PBXFileReference; lastKnownFileType = wrapper.framework; name = CoreGraphics.framework; path = System/Library/Frameworks/CoreGraphics.framework; sourceTree = SDKROOT; };
		9FF2B6961A9EC48000E480A5 /* MobileCoreServices.framework */ = {isa = PBXFileReference; lastKnownFileType = wrapper.framework; name = MobileCoreServices.framework; path = System/Library/Frameworks/MobileCoreServices.framework; sourceTree = SDKROOT; };
		9FF2B6981A9EC48700E480A5 /* QuartzCore.framework */ = {isa = PBXFileReference; lastKnownFileType = wrapper.framework; name = QuartzCore.framework; path = System/Library/Frameworks/QuartzCore.framework; sourceTree = SDKROOT; };
		9FF2B69A1A9EC48B00E480A5 /* Security.framework */ = {isa = PBXFileReference; lastKnownFileType = wrapper.framework; name = Security.framework; path = System/Library/Frameworks/Security.framework; sourceTree = SDKROOT; };
		9FF2B69C1A9EC49000E480A5 /* StoreKit.framework */ = {isa = PBXFileReference; lastKnownFileType = wrapper.framework; name = StoreKit.framework; path = System/Library/Frameworks/StoreKit.framework; sourceTree = SDKROOT; };
		9FF2B69E1A9EC49900E480A5 /* SystemConfiguration.framework */ = {isa = PBXFileReference; lastKnownFileType = wrapper.framework; name = SystemConfiguration.framework; path = System/Library/Frameworks/SystemConfiguration.framework; sourceTree = SDKROOT; };
		9FF2B6A01A9EC4A200E480A5 /* libz.dylib */ = {isa = PBXFileReference; lastKnownFileType = "compiled.mach-o.dylib"; name = libz.dylib; path = usr/lib/libz.dylib; sourceTree = SDKROOT; };
		9FF2B6A21A9EC4AC00E480A5 /* libsqlite3.dylib */ = {isa = PBXFileReference; lastKnownFileType = "compiled.mach-o.dylib"; name = libsqlite3.dylib; path = usr/lib/libsqlite3.dylib; sourceTree = SDKROOT; };
/* End PBXFileReference section */

/* Begin PBXFrameworksBuildPhase section */
		9FF2B6601A9EC3E900E480A5 /* Frameworks */ = {
			isa = PBXFrameworksBuildPhase;
			buildActionMask = 2147483647;
			files = (
				9F2A01811AA3E403001B44F0 /* Accounts.framework in Frameworks */,
				9F2A017F1AA3E3FD001B44F0 /* Social.framework in Frameworks */,
				9FF2B6A31A9EC4AC00E480A5 /* libsqlite3.dylib in Frameworks */,
				9FF2B6A11A9EC4A200E480A5 /* libz.dylib in Frameworks */,
				9F48810B1AB330C20087D74E /* Parse.framework in Frameworks */,
				9FF2B69F1A9EC49900E480A5 /* SystemConfiguration.framework in Frameworks */,
				9FF2B69D1A9EC49000E480A5 /* StoreKit.framework in Frameworks */,
				9FF2B69B1A9EC48B00E480A5 /* Security.framework in Frameworks */,
				9FF2B6991A9EC48700E480A5 /* QuartzCore.framework in Frameworks */,
				9FF2B6971A9EC48000E480A5 /* MobileCoreServices.framework in Frameworks */,
				9FF2B6951A9EC47800E480A5 /* CoreGraphics.framework in Frameworks */,
				9FF2B6931A9EC47000E480A5 /* CFNetwork.framework in Frameworks */,
				9FF2B6911A9EC46800E480A5 /* AudioToolbox.framework in Frameworks */,
				9FF2B68E1A9EC43B00E480A5 /* Bolts.framework in Frameworks */,
				9F2A017B1AA3E289001B44F0 /* ParseUI.framework in Frameworks */,
			);
			runOnlyForDeploymentPostprocessing = 0;
		};
		9FF2B6791A9EC3E900E480A5 /* Frameworks */ = {
			isa = PBXFrameworksBuildPhase;
			buildActionMask = 2147483647;
			files = (
			);
			runOnlyForDeploymentPostprocessing = 0;
		};
/* End PBXFrameworksBuildPhase section */

/* Begin PBXGroup section */
		9FF2B65A1A9EC3E900E480A5 = {
			isa = PBXGroup;
			children = (
				9FF2B6651A9EC3E900E480A5 /* Assignment4CSE394 */,
				9FF2B67F1A9EC3E900E480A5 /* Assignment4CSE394Tests */,
				9FF2B6641A9EC3E900E480A5 /* Products */,
				9FF2B6A41A9EC52E00E480A5 /* Frameworks */,
			);
			sourceTree = "<group>";
		};
		9FF2B6641A9EC3E900E480A5 /* Products */ = {
			isa = PBXGroup;
			children = (
				9FF2B6631A9EC3E900E480A5 /* Assignment4CSE394.app */,
				9FF2B67C1A9EC3E900E480A5 /* Assignment4CSE394Tests.xctest */,
			);
			name = Products;
			sourceTree = "<group>";
		};
		9FF2B6651A9EC3E900E480A5 /* Assignment4CSE394 */ = {
			isa = PBXGroup;
			children = (
				2CA062141ACCAC0600ACE25C /* ProfileController.h */,
				2CA062151ACCAC0600ACE25C /* ProfileController.m */,
				9FF2B66A1A9EC3E900E480A5 /* AppDelegate.h */,
				9FF2B66B1A9EC3E900E480A5 /* AppDelegate.m */,
				9FF2B66D1A9EC3E900E480A5 /* ViewController.h */,
				9FF2B66E1A9EC3E900E480A5 /* ViewController.m */,
				9F00343E1AA03C2500766B33 /* ImageCache.h */,
				9F00343F1AA03C2500766B33 /* ImageCache.m */,
				9FF2B6701A9EC3E900E480A5 /* Main.storyboard */,
				9FF2B6731A9EC3E900E480A5 /* Images.xcassets */,
				9FF2B6751A9EC3E900E480A5 /* LaunchScreen.xib */,
				9FF2B6661A9EC3E900E480A5 /* Supporting Files */,
				9FEB84341A9FBD2B002D40E7 /* MovieManager.h */,
				9FEB84351A9FBD2B002D40E7 /* MovieManager.m */,
				9FB5E0E21A9FF956002E0FC3 /* Movie.h */,
				9FB5E0E31A9FF956002E0FC3 /* Movie.m */,
				9F00343B1AA03A8100766B33 /* TableViewController.h */,
				9F00343C1AA03A8100766B33 /* TableViewController.m */,
				9F85CF7C1AA0CC45008506E5 /* BookInfoViewController.h */,
				9F85CF7D1AA0CC45008506E5 /* BookInfoViewController.m */,
				9F758E8C1AA41B7800B0967B /* WatchedList.h */,
				9F758E8D1AA41B7800B0967B /* WatchedList.m */,
			);
			path = Assignment4CSE394;
			sourceTree = "<group>";
		};
		9FF2B6661A9EC3E900E480A5 /* Supporting Files */ = {
			isa = PBXGroup;
			children = (
				9F94A96E1ACC9F1200ECD295 /* theater-sign-template.jpg */,
				9FEEE4D41ACB89720027BB74 /* 12198090531909861341man silhouette.svg.hi.png */,
				9FCEEE4C1ACB4B3E006D88F8 /* Film-Strip.jpg */,
				9FCEEE441ACB42DA006D88F8 /* o-MOVIE-THEATER-SEATS-facebook.jpg */,
				9FCEEE421ACB4171006D88F8 /* film-reel.jpg */,
				9FCEEE401ACB3F2C006D88F8 /* curtain-ideas-pinterest.jpg */,
				9FCEEE3E1ACB3DC7006D88F8 /* film_roll.png */,
				9FF2B6671A9EC3E900E480A5 /* Info.plist */,
				9FF2B6681A9EC3E900E480A5 /* main.m */,
			);
			name = "Supporting Files";
			sourceTree = "<group>";
		};
		9FF2B67F1A9EC3E900E480A5 /* Assignment4CSE394Tests */ = {
			isa = PBXGroup;
			children = (
				9FF2B6821A9EC3E900E480A5 /* Assignment4CSE394Tests.m */,
				9FF2B6801A9EC3E900E480A5 /* Supporting Files */,
			);
			path = Assignment4CSE394Tests;
			sourceTree = "<group>";
		};
		9FF2B6801A9EC3E900E480A5 /* Supporting Files */ = {
			isa = PBXGroup;
			children = (
				9FF2B6811A9EC3E900E480A5 /* Info.plist */,
			);
			name = "Supporting Files";
			sourceTree = "<group>";
		};
		9FF2B6A41A9EC52E00E480A5 /* Frameworks */ = {
			isa = PBXGroup;
			children = (
				9F48810A1AB330C20087D74E /* Parse.framework */,
				9F2A01801AA3E403001B44F0 /* Accounts.framework */,
				9F2A017E1AA3E3FD001B44F0 /* Social.framework */,
				9F2A017A1AA3E289001B44F0 /* ParseUI.framework */,
				9FF2B68C1A9EC43B00E480A5 /* Bolts.framework */,
				9FF2B6A21A9EC4AC00E480A5 /* libsqlite3.dylib */,
				9FF2B6A01A9EC4A200E480A5 /* libz.dylib */,
				9FF2B69E1A9EC49900E480A5 /* SystemConfiguration.framework */,
				9FF2B69C1A9EC49000E480A5 /* StoreKit.framework */,
				9FF2B69A1A9EC48B00E480A5 /* Security.framework */,
				9FF2B6981A9EC48700E480A5 /* QuartzCore.framework */,
				9FF2B6961A9EC48000E480A5 /* MobileCoreServices.framework */,
				9FF2B6941A9EC47800E480A5 /* CoreGraphics.framework */,
				9FF2B6921A9EC47000E480A5 /* CFNetwork.framework */,
				9FF2B6901A9EC46800E480A5 /* AudioToolbox.framework */,
			);
			name = Frameworks;
			sourceTree = "<group>";
		};
/* End PBXGroup section */

/* Begin PBXNativeTarget section */
		9FF2B6621A9EC3E900E480A5 /* Assignment4CSE394 */ = {
			isa = PBXNativeTarget;
			buildConfigurationList = 9FF2B6861A9EC3E900E480A5 /* Build configuration list for PBXNativeTarget "Assignment4CSE394" */;
			buildPhases = (
				9FF2B65F1A9EC3E900E480A5 /* Sources */,
				9FF2B6601A9EC3E900E480A5 /* Frameworks */,
				9FF2B6611A9EC3E900E480A5 /* Resources */,
			);
			buildRules = (
			);
			dependencies = (
			);
			name = Assignment4CSE394;
			productName = Assignment4CSE394;
			productReference = 9FF2B6631A9EC3E900E480A5 /* Assignment4CSE394.app */;
			productType = "com.apple.product-type.application";
		};
		9FF2B67B1A9EC3E900E480A5 /* Assignment4CSE394Tests */ = {
			isa = PBXNativeTarget;
			buildConfigurationList = 9FF2B6891A9EC3E900E480A5 /* Build configuration list for PBXNativeTarget "Assignment4CSE394Tests" */;
			buildPhases = (
				9FF2B6781A9EC3E900E480A5 /* Sources */,
				9FF2B6791A9EC3E900E480A5 /* Frameworks */,
				9FF2B67A1A9EC3E900E480A5 /* Resources */,
			);
			buildRules = (
			);
			dependencies = (
				9FF2B67E1A9EC3E900E480A5 /* PBXTargetDependency */,
			);
			name = Assignment4CSE394Tests;
			productName = Assignment4CSE394Tests;
			productReference = 9FF2B67C1A9EC3E900E480A5 /* Assignment4CSE394Tests.xctest */;
			productType = "com.apple.product-type.bundle.unit-test";
		};
/* End PBXNativeTarget section */

/* Begin PBXProject section */
		9FF2B65B1A9EC3E900E480A5 /* Project object */ = {
			isa = PBXProject;
			attributes = {
				LastUpgradeCheck = 0610;
				ORGANIZATIONNAME = "James Perry";
				TargetAttributes = {
					9FF2B6621A9EC3E900E480A5 = {
						CreatedOnToolsVersion = 6.1.1;
					};
					9FF2B67B1A9EC3E900E480A5 = {
						CreatedOnToolsVersion = 6.1.1;
						TestTargetID = 9FF2B6621A9EC3E900E480A5;
					};
				};
			};
			buildConfigurationList = 9FF2B65E1A9EC3E900E480A5 /* Build configuration list for PBXProject "Assignment4CSE394" */;
			compatibilityVersion = "Xcode 3.2";
			developmentRegion = English;
			hasScannedForEncodings = 0;
			knownRegions = (
				en,
				Base,
			);
			mainGroup = 9FF2B65A1A9EC3E900E480A5;
			productRefGroup = 9FF2B6641A9EC3E900E480A5 /* Products */;
			projectDirPath = "";
			projectRoot = "";
			targets = (
				9FF2B6621A9EC3E900E480A5 /* Assignment4CSE394 */,
				9FF2B67B1A9EC3E900E480A5 /* Assignment4CSE394Tests */,
			);
		};
/* End PBXProject section */

/* Begin PBXResourcesBuildPhase section */
		9FF2B6611A9EC3E900E480A5 /* Resources */ = {
			isa = PBXResourcesBuildPhase;
			buildActionMask = 2147483647;
			files = (
				9FF2B6721A9EC3E900E480A5 /* Main.storyboard in Resources */,
				9FCEEE411ACB3F2C006D88F8 /* curtain-ideas-pinterest.jpg in Resources */,
				9FF2B6771A9EC3E900E480A5 /* LaunchScreen.xib in Resources */,
				9FCEEE4D1ACB4B3E006D88F8 /* Film-Strip.jpg in Resources */,
				9FCEEE3F1ACB3DC7006D88F8 /* film_roll.png in Resources */,
				9FF2B6741A9EC3E900E480A5 /* Images.xcassets in Resources */,
				9F94A96F1ACC9F1200ECD295 /* theater-sign-template.jpg in Resources */,
				9FCEEE431ACB4171006D88F8 /* film-reel.jpg in Resources */,
				9FCEEE451ACB42DA006D88F8 /* o-MOVIE-THEATER-SEATS-facebook.jpg in Resources */,
				9FEEE4D51ACB89720027BB74 /* 12198090531909861341man silhouette.svg.hi.png in Resources */,
			);
			runOnlyForDeploymentPostprocessing = 0;
		};
		9FF2B67A1A9EC3E900E480A5 /* Resources */ = {
			isa = PBXResourcesBuildPhase;
			buildActionMask = 2147483647;
			files = (
			);
			runOnlyForDeploymentPostprocessing = 0;
		};
/* End PBXResourcesBuildPhase section */

/* Begin PBXSourcesBuildPhase section */
		9FF2B65F1A9EC3E900E480A5 /* Sources */ = {
			isa = PBXSourcesBuildPhase;
			buildActionMask = 2147483647;
			files = (
				9FB5E0E41A9FF956002E0FC3 /* Movie.m in Sources */,
				2CA062161ACCAC0600ACE25C /* ProfileController.m in Sources */,
				9F85CF7E1AA0CC45008506E5 /* BookInfoViewController.m in Sources */,
				9F758E8E1AA41B7800B0967B /* WatchedList.m in Sources */,
				9FF2B66F1A9EC3E900E480A5 /* ViewController.m in Sources */,
				9FF2B66C1A9EC3E900E480A5 /* AppDelegate.m in Sources */,
				9FEB84361A9FBD2B002D40E7 /* MovieManager.m in Sources */,
				9F00343D1AA03A8100766B33 /* TableViewController.m in Sources */,
				9F0034401AA03C2500766B33 /* ImageCache.m in Sources */,
				9FF2B6691A9EC3E900E480A5 /* main.m in Sources */,
			);
			runOnlyForDeploymentPostprocessing = 0;
		};
		9FF2B6781A9EC3E900E480A5 /* Sources */ = {
			isa = PBXSourcesBuildPhase;
			buildActionMask = 2147483647;
			files = (
				9FF2B6831A9EC3E900E480A5 /* Assignment4CSE394Tests.m in Sources */,
			);
			runOnlyForDeploymentPostprocessing = 0;
		};
/* End PBXSourcesBuildPhase section */

/* Begin PBXTargetDependency section */
		9FF2B67E1A9EC3E900E480A5 /* PBXTargetDependency */ = {
			isa = PBXTargetDependency;
			target = 9FF2B6621A9EC3E900E480A5 /* Assignment4CSE394 */;
			targetProxy = 9FF2B67D1A9EC3E900E480A5 /* PBXContainerItemProxy */;
		};
/* End PBXTargetDependency section */

/* Begin PBXVariantGroup section */
		9FF2B6701A9EC3E900E480A5 /* Main.storyboard */ = {
			isa = PBXVariantGroup;
			children = (
				9FF2B6711A9EC3E900E480A5 /* Base */,
			);
			name = Main.storyboard;
			sourceTree = "<group>";
		};
		9FF2B6751A9EC3E900E480A5 /* LaunchScreen.xib */ = {
			isa = PBXVariantGroup;
			children = (
				9FF2B6761A9EC3E900E480A5 /* Base */,
			);
			name = LaunchScreen.xib;
			sourceTree = "<group>";
		};
/* End PBXVariantGroup section */

/* Begin XCBuildConfiguration section */
		9FF2B6841A9EC3E900E480A5 /* Debug */ = {
			isa = XCBuildConfiguration;
			buildSettings = {
				ALWAYS_SEARCH_USER_PATHS = NO;
				CLANG_CXX_LANGUAGE_STANDARD = "gnu++0x";
				CLANG_CXX_LIBRARY = "libc++";
				CLANG_ENABLE_MODULES = YES;
				CLANG_ENABLE_OBJC_ARC = YES;
				CLANG_WARN_BOOL_CONVERSION = YES;
				CLANG_WARN_CONSTANT_CONVERSION = YES;
				CLANG_WARN_DIRECT_OBJC_ISA_USAGE = YES_ERROR;
				CLANG_WARN_EMPTY_BODY = YES;
				CLANG_WARN_ENUM_CONVERSION = YES;
				CLANG_WARN_INT_CONVERSION = YES;
				CLANG_WARN_OBJC_ROOT_CLASS = YES_ERROR;
				CLANG_WARN_UNREACHABLE_CODE = YES;
				CLANG_WARN__DUPLICATE_METHOD_MATCH = YES;
				"CODE_SIGN_IDENTITY[sdk=iphoneos*]" = "iPhone Developer";
				COPY_PHASE_STRIP = NO;
				ENABLE_STRICT_OBJC_MSGSEND = YES;
				GCC_C_LANGUAGE_STANDARD = gnu99;
				GCC_DYNAMIC_NO_PIC = NO;
				GCC_OPTIMIZATION_LEVEL = 0;
				GCC_PREPROCESSOR_DEFINITIONS = (
					"DEBUG=1",
					"$(inherited)",
				);
				GCC_SYMBOLS_PRIVATE_EXTERN = NO;
				GCC_WARN_64_TO_32_BIT_CONVERSION = YES;
				GCC_WARN_ABOUT_RETURN_TYPE = YES_ERROR;
				GCC_WARN_UNDECLARED_SELECTOR = YES;
				GCC_WARN_UNINITIALIZED_AUTOS = YES_AGGRESSIVE;
				GCC_WARN_UNUSED_FUNCTION = YES;
				GCC_WARN_UNUSED_VARIABLE = YES;
				IPHONEOS_DEPLOYMENT_TARGET = 8.1;
				MTL_ENABLE_DEBUG_INFO = YES;
				ONLY_ACTIVE_ARCH = YES;
				SDKROOT = iphoneos;
			};
			name = Debug;
		};
		9FF2B6851A9EC3E900E480A5 /* Release */ = {
			isa = XCBuildConfiguration;
			buildSettings = {
				ALWAYS_SEARCH_USER_PATHS = NO;
				CLANG_CXX_LANGUAGE_STANDARD = "gnu++0x";
				CLANG_CXX_LIBRARY = "libc++";
				CLANG_ENABLE_MODULES = YES;
				CLANG_ENABLE_OBJC_ARC = YES;
				CLANG_WARN_BOOL_CONVERSION = YES;
				CLANG_WARN_CONSTANT_CONVERSION = YES;
				CLANG_WARN_DIRECT_OBJC_ISA_USAGE = YES_ERROR;
				CLANG_WARN_EMPTY_BODY = YES;
				CLANG_WARN_ENUM_CONVERSION = YES;
				CLANG_WARN_INT_CONVERSION = YES;
				CLANG_WARN_OBJC_ROOT_CLASS = YES_ERROR;
				CLANG_WARN_UNREACHABLE_CODE = YES;
				CLANG_WARN__DUPLICATE_METHOD_MATCH = YES;
				"CODE_SIGN_IDENTITY[sdk=iphoneos*]" = "iPhone Developer";
				COPY_PHASE_STRIP = YES;
				ENABLE_NS_ASSERTIONS = NO;
				ENABLE_STRICT_OBJC_MSGSEND = YES;
				GCC_C_LANGUAGE_STANDARD = gnu99;
				GCC_WARN_64_TO_32_BIT_CONVERSION = YES;
				GCC_WARN_ABOUT_RETURN_TYPE = YES_ERROR;
				GCC_WARN_UNDECLARED_SELECTOR = YES;
				GCC_WARN_UNINITIALIZED_AUTOS = YES_AGGRESSIVE;
				GCC_WARN_UNUSED_FUNCTION = YES;
				GCC_WARN_UNUSED_VARIABLE = YES;
				IPHONEOS_DEPLOYMENT_TARGET = 8.1;
				MTL_ENABLE_DEBUG_INFO = NO;
				SDKROOT = iphoneos;
				VALIDATE_PRODUCT = YES;
			};
			name = Release;
		};
		9FF2B6871A9EC3E900E480A5 /* Debug */ = {
			isa = XCBuildConfiguration;
			buildSettings = {
				ASSETCATALOG_COMPILER_APPICON_NAME = AppIcon;
				FRAMEWORK_SEARCH_PATHS = (
					"$(inherited)",
					"$(PROJECT_DIR)/Assignment4CSE394",
					"$(PROJECT_DIR)",
				);
				INFOPLIST_FILE = Assignment4CSE394/Info.plist;
				LD_RUNPATH_SEARCH_PATHS = "$(inherited) @executable_path/Frameworks";
				PRODUCT_NAME = "$(TARGET_NAME)";
			};
			name = Debug;
		};
		9FF2B6881A9EC3E900E480A5 /* Release */ = {
			isa = XCBuildConfiguration;
			buildSettings = {
				ASSETCATALOG_COMPILER_APPICON_NAME = AppIcon;
				FRAMEWORK_SEARCH_PATHS = (
					"$(inherited)",
					"$(PROJECT_DIR)/Assignment4CSE394",
					"$(PROJECT_DIR)",
				);
				INFOPLIST_FILE = Assignment4CSE394/Info.plist;
				LD_RUNPATH_SEARCH_PATHS = "$(inherited) @executable_path/Frameworks";
				PRODUCT_NAME = "$(TARGET_NAME)";
			};
			name = Release;
		};
		9FF2B68A1A9EC3E900E480A5 /* Debug */ = {
			isa = XCBuildConfiguration;
			buildSettings = {
				BUNDLE_LOADER = "$(TEST_HOST)";
				FRAMEWORK_SEARCH_PATHS = (
					"$(SDKROOT)/Developer/Library/Frameworks",
					"$(inherited)",
				);
				GCC_PREPROCESSOR_DEFINITIONS = (
					"DEBUG=1",
					"$(inherited)",
				);
				INFOPLIST_FILE = Assignment4CSE394Tests/Info.plist;
				LD_RUNPATH_SEARCH_PATHS = "$(inherited) @executable_path/Frameworks @loader_path/Frameworks";
				PRODUCT_NAME = "$(TARGET_NAME)";
				TEST_HOST = "$(BUILT_PRODUCTS_DIR)/Assignment4CSE394.app/Assignment4CSE394";
			};
			name = Debug;
		};
		9FF2B68B1A9EC3E900E480A5 /* Release */ = {
			isa = XCBuildConfiguration;
			buildSettings = {
				BUNDLE_LOADER = "$(TEST_HOST)";
				FRAMEWORK_SEARCH_PATHS = (
					"$(SDKROOT)/Developer/Library/Frameworks",
					"$(inherited)",
				);
				INFOPLIST_FILE = Assignment4CSE394Tests/Info.plist;
				LD_RUNPATH_SEARCH_PATHS = "$(inherited) @executable_path/Frameworks @loader_path/Frameworks";
				PRODUCT_NAME = "$(TARGET_NAME)";
				TEST_HOST = "$(BUILT_PRODUCTS_DIR)/Assignment4CSE394.app/Assignment4CSE394";
			};
			name = Release;
		};
/* End XCBuildConfiguration section */

/* Begin XCConfigurationList section */
		9FF2B65E1A9EC3E900E480A5 /* Build configuration list for PBXProject "Assignment4CSE394" */ = {
			isa = XCConfigurationList;
			buildConfigurations = (
				9FF2B6841A9EC3E900E480A5 /* Debug */,
				9FF2B6851A9EC3E900E480A5 /* Release */,
			);
			defaultConfigurationIsVisible = 0;
			defaultConfigurationName = Release;
		};
		9FF2B6861A9EC3E900E480A5 /* Build configuration list for PBXNativeTarget "Assignment4CSE394" */ = {
			isa = XCConfigurationList;
			buildConfigurations = (
				9FF2B6871A9EC3E900E480A5 /* Debug */,
				9FF2B6881A9EC3E900E480A5 /* Release */,
			);
			defaultConfigurationIsVisible = 0;
			defaultConfigurationName = Release;
		};
		9FF2B6891A9EC3E900E480A5 /* Build configuration list for PBXNativeTarget "Assignment4CSE394Tests" */ = {
			isa = XCConfigurationList;
			buildConfigurations = (
				9FF2B68A1A9EC3E900E480A5 /* Debug */,
				9FF2B68B1A9EC3E900E480A5 /* Release */,
			);
			defaultConfigurationIsVisible = 0;
			defaultConfigurationName = Release;
		};
/* End XCConfigurationList section */
	};
	rootObject = 9FF2B65B1A9EC3E900E480A5 /* Project object */;
}
